
Microsoft Visual Studio Solution File, Format Version 12.00
# Visual Studio Version 16
VisualStudioVersion = 16.0.29503.13
MinimumVisualStudioVersion = 10.0.40219.1
Project("{FAE04EC0-301F-11D3-BF4B-00C04F79EFBC}") = "Koctas_Project", "Koctas_Project\Koctas_Project.csproj", "{86E154CA-5E69-4B6F-96E9-56BA1E8FB786}"
EndProject
Global
	GlobalSection(SolutionConfigurationPlatforms) = preSolution
		Debug|Any CPU = Debug|Any CPU
		Release|Any CPU = Release|Any CPU
	EndGlobalSection
	GlobalSection(ProjectConfigurationPlatforms) = postSolution
		{86E154CA-5E69-4B6F-96E9-56BA1E8FB786}.Debug|Any CPU.ActiveCfg = Debug|Any CPU
		{86E154CA-5E69-4B6F-96E9-56BA1E8FB786}.Debug|Any CPU.Build.0 = Debug|Any CPU
		{86E154CA-5E69-4B6F-96E9-56BA1E8FB786}.Release|Any CPU.ActiveCfg = Release|Any CPU
		{86E154CA-5E69-4B6F-96E9-56BA1E8FB786}.Release|Any CPU.Build.0 = Release|Any CPU
	EndGlobalSection
	GlobalSection(SolutionProperties) = preSolution
		HideSolutionNode = FALSE
	EndGlobalSection
	GlobalSection(ExtensibilityGlobals) = postSolution
		SolutionGuid = {ECC26B74-7A8C-489E-935A-98A4389AF102}
	EndGlobalSection
EndGlobal
